// !$*UTF8*$!
{
	archiveVersion = 1;
	classes = {
	};
	objectVersion = 46;
	objects = {

/* Begin PBXBuildFile section */
		440E96771CAA98CA00EA87E8 /* Assets.xcassets in Resources */ = {isa = PBXBuildFile; fileRef = 440E96761CAA98CA00EA87E8 /* Assets.xcassets */; };
		4488DF351BFF1E6400E18482 /* main.m in Sources */ = {isa = PBXBuildFile; fileRef = 4488DF341BFF1E6400E18482 /* main.m */; };
		4488DF381BFF1E6400E18482 /* AppDelegate.m in Sources */ = {isa = PBXBuildFile; fileRef = 4488DF371BFF1E6400E18482 /* AppDelegate.m */; };
		4488DF431BFF1E6400E18482 /* LaunchScreen.storyboard in Resources */ = {isa = PBXBuildFile; fileRef = 4488DF411BFF1E6400E18482 /* LaunchScreen.storyboard */; };
		4488DF4E1BFF1E6400E18482 /* ACM_AssistantTests.m in Sources */ = {isa = PBXBuildFile; fileRef = 4488DF4D1BFF1E6400E18482 /* ACM_AssistantTests.m */; };
		4488DF591BFF1E6400E18482 /* ACM_AssistantUITests.m in Sources */ = {isa = PBXBuildFile; fileRef = 4488DF581BFF1E6400E18482 /* ACM_AssistantUITests.m */; };
		4495BF7D1CA8BC4F0092E8A5 /* MainTabBarController.m in Sources */ = {isa = PBXBuildFile; fileRef = 4495BF7C1CA8BC4F0092E8A5 /* MainTabBarController.m */; };
		4495BF821CA8BED70092E8A5 /* UIImage+FJY.m in Sources */ = {isa = PBXBuildFile; fileRef = 4495BF811CA8BED70092E8A5 /* UIImage+FJY.m */; };
		4495BF851CA8C0B80092E8A5 /* MainNavigationController.m in Sources */ = {isa = PBXBuildFile; fileRef = 4495BF841CA8C0B80092E8A5 /* MainNavigationController.m */; };
		4495BF881CA8C80B0092E8A5 /* UIColor+FJY.m in Sources */ = {isa = PBXBuildFile; fileRef = 4495BF871CA8C80B0092E8A5 /* UIColor+FJY.m */; };
		4495BF8B1CA8C9EA0092E8A5 /* ContestTableViewController.m in Sources */ = {isa = PBXBuildFile; fileRef = 4495BF8A1CA8C9EA0092E8A5 /* ContestTableViewController.m */; };
		4495BF8E1CA8CA1F0092E8A5 /* ContestModel.m in Sources */ = {isa = PBXBuildFile; fileRef = 4495BF8D1CA8CA1F0092E8A5 /* ContestModel.m */; };
		4495BF911CA8DAF40092E8A5 /* UINavigationBar+FJY.m in Sources */ = {isa = PBXBuildFile; fileRef = 4495BF901CA8DAF40092E8A5 /* UINavigationBar+FJY.m */; };
		4495BF951CA8DC8D0092E8A5 /* ContestCell.m in Sources */ = {isa = PBXBuildFile; fileRef = 4495BF931CA8DC8C0092E8A5 /* ContestCell.m */; };
		4495BF961CA8DC8D0092E8A5 /* ContestCell.xib in Resources */ = {isa = PBXBuildFile; fileRef = 4495BF941CA8DC8D0092E8A5 /* ContestCell.xib */; };
		4495BF991CA966E60092E8A5 /* NSObject+FJY.m in Sources */ = {isa = PBXBuildFile; fileRef = 4495BF981CA966E60092E8A5 /* NSObject+FJY.m */; };
		4495BF9C1CA967120092E8A5 /* UIView+FJY.m in Sources */ = {isa = PBXBuildFile; fileRef = 4495BF9B1CA967120092E8A5 /* UIView+FJY.m */; };
		4495BF9F1CA967610092E8A5 /* UIButton+FJY.m in Sources */ = {isa = PBXBuildFile; fileRef = 4495BF9E1CA967610092E8A5 /* UIButton+FJY.m */; };
		4495BFA51CA96B900092E8A5 /* ContestDetailController.m in Sources */ = {isa = PBXBuildFile; fileRef = 4495BFA41CA96B900092E8A5 /* ContestDetailController.m */; };
		4495BFA71CA96BAD0092E8A5 /* ContestDetailController.xib in Resources */ = {isa = PBXBuildFile; fileRef = 4495BFA61CA96BAD0092E8A5 /* ContestDetailController.xib */; };
		A37AC8228559B0812C24C397 /* libPods.a in Frameworks */ = {isa = PBXBuildFile; fileRef = FA9373BF414A8C103AC6806B /* libPods.a */; };
/* End PBXBuildFile section */

/* Begin PBXContainerItemProxy section */
		4488DF4A1BFF1E6400E18482 /* PBXContainerItemProxy */ = {
			isa = PBXContainerItemProxy;
			containerPortal = 4488DF281BFF1E6300E18482 /* Project object */;
			proxyType = 1;
			remoteGlobalIDString = 4488DF2F1BFF1E6300E18482;
			remoteInfo = ACM_Assistant;
		};
		4488DF551BFF1E6400E18482 /* PBXContainerItemProxy */ = {
			isa = PBXContainerItemProxy;
			containerPortal = 4488DF281BFF1E6300E18482 /* Project object */;
			proxyType = 1;
			remoteGlobalIDString = 4488DF2F1BFF1E6300E18482;
			remoteInfo = ACM_Assistant;
		};
/* End PBXContainerItemProxy section */

/* Begin PBXFileReference section */
		440E96761CAA98CA00EA87E8 /* Assets.xcassets */ = {isa = PBXFileReference; lastKnownFileType = folder.assetcatalog; path = Assets.xcassets; sourceTree = "<group>"; };
		4488DF301BFF1E6300E18482 /* ACM_Assistant.app */ = {isa = PBXFileReference; explicitFileType = wrapper.application; includeInIndex = 0; path = ACM_Assistant.app; sourceTree = BUILT_PRODUCTS_DIR; };
		4488DF341BFF1E6400E18482 /* main.m */ = {isa = PBXFileReference; lastKnownFileType = sourcecode.c.objc; path = main.m; sourceTree = "<group>"; };
		4488DF361BFF1E6400E18482 /* AppDelegate.h */ = {isa = PBXFileReference; lastKnownFileType = sourcecode.c.h; path = AppDelegate.h; sourceTree = "<group>"; };
		4488DF371BFF1E6400E18482 /* AppDelegate.m */ = {isa = PBXFileReference; lastKnownFileType = sourcecode.c.objc; path = AppDelegate.m; sourceTree = "<group>"; };
		4488DF421BFF1E6400E18482 /* Base */ = {isa = PBXFileReference; lastKnownFileType = file.storyboard; name = Base; path = Base.lproj/LaunchScreen.storyboard; sourceTree = "<group>"; };
		4488DF441BFF1E6400E18482 /* Info.plist */ = {isa = PBXFileReference; lastKnownFileType = text.plist.xml; path = Info.plist; sourceTree = "<group>"; };
		4488DF491BFF1E6400E18482 /* ACM_AssistantTests.xctest */ = {isa = PBXFileReference; explicitFileType = wrapper.cfbundle; includeInIndex = 0; path = ACM_AssistantTests.xctest; sourceTree = BUILT_PRODUCTS_DIR; };
		4488DF4D1BFF1E6400E18482 /* ACM_AssistantTests.m */ = {isa = PBXFileReference; lastKnownFileType = sourcecode.c.objc; path = ACM_AssistantTests.m; sourceTree = "<group>"; };
		4488DF4F1BFF1E6400E18482 /* Info.plist */ = {isa = PBXFileReference; lastKnownFileType = text.plist.xml; path = Info.plist; sourceTree = "<group>"; };
		4488DF541BFF1E6400E18482 /* ACM_AssistantUITests.xctest */ = {isa = PBXFileReference; explicitFileType = wrapper.cfbundle; includeInIndex = 0; path = ACM_AssistantUITests.xctest; sourceTree = BUILT_PRODUCTS_DIR; };
		4488DF581BFF1E6400E18482 /* ACM_AssistantUITests.m */ = {isa = PBXFileReference; lastKnownFileType = sourcecode.c.objc; path = ACM_AssistantUITests.m; sourceTree = "<group>"; };
		4488DF5A1BFF1E6400E18482 /* Info.plist */ = {isa = PBXFileReference; lastKnownFileType = text.plist.xml; path = Info.plist; sourceTree = "<group>"; };
		4495BF7B1CA8BC4F0092E8A5 /* MainTabBarController.h */ = {isa = PBXFileReference; fileEncoding = 4; lastKnownFileType = sourcecode.c.h; name = MainTabBarController.h; path = Controllers/MainTabBarController.h; sourceTree = "<group>"; };
		4495BF7C1CA8BC4F0092E8A5 /* MainTabBarController.m */ = {isa = PBXFileReference; fileEncoding = 4; lastKnownFileType = sourcecode.c.objc; name = MainTabBarController.m; path = Controllers/MainTabBarController.m; sourceTree = "<group>"; };
		4495BF801CA8BED70092E8A5 /* UIImage+FJY.h */ = {isa = PBXFileReference; fileEncoding = 4; lastKnownFileType = sourcecode.c.h; name = "UIImage+FJY.h"; path = "Extensions/UIImage+FJY.h"; sourceTree = "<group>"; };
		4495BF811CA8BED70092E8A5 /* UIImage+FJY.m */ = {isa = PBXFileReference; fileEncoding = 4; lastKnownFileType = sourcecode.c.objc; name = "UIImage+FJY.m"; path = "Extensions/UIImage+FJY.m"; sourceTree = "<group>"; };
		4495BF831CA8C0B80092E8A5 /* MainNavigationController.h */ = {isa = PBXFileReference; fileEncoding = 4; lastKnownFileType = sourcecode.c.h; name = MainNavigationController.h; path = Controllers/MainNavigationController.h; sourceTree = "<group>"; };
		4495BF841CA8C0B80092E8A5 /* MainNavigationController.m */ = {isa = PBXFileReference; fileEncoding = 4; lastKnownFileType = sourcecode.c.objc; name = MainNavigationController.m; path = Controllers/MainNavigationController.m; sourceTree = "<group>"; };
		4495BF861CA8C80B0092E8A5 /* UIColor+FJY.h */ = {isa = PBXFileReference; fileEncoding = 4; lastKnownFileType = sourcecode.c.h; name = "UIColor+FJY.h"; path = "Extensions/UIColor+FJY.h"; sourceTree = "<group>"; };
		4495BF871CA8C80B0092E8A5 /* UIColor+FJY.m */ = {isa = PBXFileReference; fileEncoding = 4; lastKnownFileType = sourcecode.c.objc; name = "UIColor+FJY.m"; path = "Extensions/UIColor+FJY.m"; sourceTree = "<group>"; };
		4495BF891CA8C9EA0092E8A5 /* ContestTableViewController.h */ = {isa = PBXFileReference; fileEncoding = 4; lastKnownFileType = sourcecode.c.h; name = ContestTableViewController.h; path = Controllers/ContestTableViewController.h; sourceTree = "<group>"; };
		4495BF8A1CA8C9EA0092E8A5 /* ContestTableViewController.m */ = {isa = PBXFileReference; fileEncoding = 4; lastKnownFileType = sourcecode.c.objc; name = ContestTableViewController.m; path = Controllers/ContestTableViewController.m; sourceTree = "<group>"; };
		4495BF8C1CA8CA1F0092E8A5 /* ContestModel.h */ = {isa = PBXFileReference; fileEncoding = 4; lastKnownFileType = sourcecode.c.h; name = ContestModel.h; path = Models/ContestModel.h; sourceTree = "<group>"; };
		4495BF8D1CA8CA1F0092E8A5 /* ContestModel.m */ = {isa = PBXFileReference; fileEncoding = 4; lastKnownFileType = sourcecode.c.objc; name = ContestModel.m; path = Models/ContestModel.m; sourceTree = "<group>"; };
		4495BF8F1CA8DAF40092E8A5 /* UINavigationBar+FJY.h */ = {isa = PBXFileReference; fileEncoding = 4; lastKnownFileType = sourcecode.c.h; name = "UINavigationBar+FJY.h"; path = "Extensions/UINavigationBar+FJY.h"; sourceTree = "<group>"; };
		4495BF901CA8DAF40092E8A5 /* UINavigationBar+FJY.m */ = {isa = PBXFileReference; fileEncoding = 4; lastKnownFileType = sourcecode.c.objc; name = "UINavigationBar+FJY.m"; path = "Extensions/UINavigationBar+FJY.m"; sourceTree = "<group>"; };
		4495BF921CA8DC8C0092E8A5 /* ContestCell.h */ = {isa = PBXFileReference; fileEncoding = 4; lastKnownFileType = sourcecode.c.h; name = ContestCell.h; path = Views/ContestCell.h; sourceTree = "<group>"; };
		4495BF931CA8DC8C0092E8A5 /* ContestCell.m */ = {isa = PBXFileReference; fileEncoding = 4; lastKnownFileType = sourcecode.c.objc; name = ContestCell.m; path = Views/ContestCell.m; sourceTree = "<group>"; };
		4495BF941CA8DC8D0092E8A5 /* ContestCell.xib */ = {isa = PBXFileReference; fileEncoding = 4; lastKnownFileType = file.xib; name = ContestCell.xib; path = Views/ContestCell.xib; sourceTree = "<group>"; };
		4495BF971CA966E60092E8A5 /* NSObject+FJY.h */ = {isa = PBXFileReference; fileEncoding = 4; lastKnownFileType = sourcecode.c.h; name = "NSObject+FJY.h"; path = "Extensions/NSObject+FJY.h"; sourceTree = "<group>"; };
		4495BF981CA966E60092E8A5 /* NSObject+FJY.m */ = {isa = PBXFileReference; fileEncoding = 4; lastKnownFileType = sourcecode.c.objc; name = "NSObject+FJY.m"; path = "Extensions/NSObject+FJY.m"; sourceTree = "<group>"; };
		4495BF9A1CA967120092E8A5 /* UIView+FJY.h */ = {isa = PBXFileReference; fileEncoding = 4; lastKnownFileType = sourcecode.c.h; name = "UIView+FJY.h"; path = "Extensions/UIView+FJY.h"; sourceTree = "<group>"; };
		4495BF9B1CA967120092E8A5 /* UIView+FJY.m */ = {isa = PBXFileReference; fileEncoding = 4; lastKnownFileType = sourcecode.c.objc; name = "UIView+FJY.m"; path = "Extensions/UIView+FJY.m"; sourceTree = "<group>"; };
		4495BF9D1CA967610092E8A5 /* UIButton+FJY.h */ = {isa = PBXFileReference; fileEncoding = 4; lastKnownFileType = sourcecode.c.h; name = "UIButton+FJY.h"; path = "Extensions/UIButton+FJY.h"; sourceTree = "<group>"; };
		4495BF9E1CA967610092E8A5 /* UIButton+FJY.m */ = {isa = PBXFileReference; fileEncoding = 4; lastKnownFileType = sourcecode.c.objc; name = "UIButton+FJY.m"; path = "Extensions/UIButton+FJY.m"; sourceTree = "<group>"; };
		4495BFA31CA96B900092E8A5 /* ContestDetailController.h */ = {isa = PBXFileReference; fileEncoding = 4; lastKnownFileType = sourcecode.c.h; name = ContestDetailController.h; path = Controllers/ContestDetailController.h; sourceTree = "<group>"; };
		4495BFA41CA96B900092E8A5 /* ContestDetailController.m */ = {isa = PBXFileReference; fileEncoding = 4; lastKnownFileType = sourcecode.c.objc; name = ContestDetailController.m; path = Controllers/ContestDetailController.m; sourceTree = "<group>"; };
		4495BFA61CA96BAD0092E8A5 /* ContestDetailController.xib */ = {isa = PBXFileReference; fileEncoding = 4; lastKnownFileType = file.xib; name = ContestDetailController.xib; path = Controllers/ContestDetailController.xib; sourceTree = "<group>"; };
		44E400951C0DF4B5005F2939 /* PrefixHeader.pch */ = {isa = PBXFileReference; lastKnownFileType = sourcecode.c.h; path = PrefixHeader.pch; sourceTree = "<group>"; };
		B4A0D050F1D1FFBF27E6B4D5 /* Pods.debug.xcconfig */ = {isa = PBXFileReference; includeInIndex = 1; lastKnownFileType = text.xcconfig; name = Pods.debug.xcconfig; path = "Pods/Target Support Files/Pods/Pods.debug.xcconfig"; sourceTree = "<group>"; };
		CA84896B22A4FF48630726AC /* Pods.release.xcconfig */ = {isa = PBXFileReference; includeInIndex = 1; lastKnownFileType = text.xcconfig; name = Pods.release.xcconfig; path = "Pods/Target Support Files/Pods/Pods.release.xcconfig"; sourceTree = "<group>"; };
		FA9373BF414A8C103AC6806B /* libPods.a */ = {isa = PBXFileReference; explicitFileType = archive.ar; includeInIndex = 0; path = libPods.a; sourceTree = BUILT_PRODUCTS_DIR; };
/* End PBXFileReference section */

/* Begin PBXFrameworksBuildPhase section */
		4488DF2D1BFF1E6300E18482 /* Frameworks */ = {
			isa = PBXFrameworksBuildPhase;
			buildActionMask = 2147483647;
			files = (
				A37AC8228559B0812C24C397 /* libPods.a in Frameworks */,
			);
			runOnlyForDeploymentPostprocessing = 0;
		};
		4488DF461BFF1E6400E18482 /* Frameworks */ = {
			isa = PBXFrameworksBuildPhase;
			buildActionMask = 2147483647;
			files = (
			);
			runOnlyForDeploymentPostprocessing = 0;
		};
		4488DF511BFF1E6400E18482 /* Frameworks */ = {
			isa = PBXFrameworksBuildPhase;
			buildActionMask = 2147483647;
			files = (
			);
			runOnlyForDeploymentPostprocessing = 0;
		};
/* End PBXFrameworksBuildPhase section */

/* Begin PBXGroup section */
		4488DF271BFF1E6300E18482 = {
			isa = PBXGroup;
			children = (
				4488DF321BFF1E6400E18482 /* ACM_Assistant */,
				4488DF4C1BFF1E6400E18482 /* ACM_AssistantTests */,
				4488DF571BFF1E6400E18482 /* ACM_AssistantUITests */,
				4488DF311BFF1E6300E18482 /* Products */,
				528DA7A59B4CAF024D81FFB4 /* Pods */,
				F3DC9769B2C596C96854062C /* Frameworks */,
			);
			sourceTree = "<group>";
		};
		4488DF311BFF1E6300E18482 /* Products */ = {
			isa = PBXGroup;
			children = (
				4488DF301BFF1E6300E18482 /* ACM_Assistant.app */,
				4488DF491BFF1E6400E18482 /* ACM_AssistantTests.xctest */,
				4488DF541BFF1E6400E18482 /* ACM_AssistantUITests.xctest */,
			);
			name = Products;
			sourceTree = "<group>";
		};
		4488DF321BFF1E6400E18482 /* ACM_Assistant */ = {
			isa = PBXGroup;
			children = (
				4488DF341BFF1E6400E18482 /* main.m */,
				4488DF361BFF1E6400E18482 /* AppDelegate.h */,
				4488DF371BFF1E6400E18482 /* AppDelegate.m */,
				44E400951C0DF4B5005F2939 /* PrefixHeader.pch */,
				4488DF411BFF1E6400E18482 /* LaunchScreen.storyboard */,
				440E96761CAA98CA00EA87E8 /* Assets.xcassets */,
				4488DF441BFF1E6400E18482 /* Info.plist */,
				4495BF771CA6C95A0092E8A5 /* Models */,
				4495BF761CA6C93C0092E8A5 /* Views */,
				4495BF751CA6C9040092E8A5 /* Controllers */,
				4495BF7E1CA8BE1E0092E8A5 /* Extensions */,
				4488DF331BFF1E6400E18482 /* Supporting Files */,
			);
			path = ACM_Assistant;
			sourceTree = "<group>";
		};
		4488DF331BFF1E6400E18482 /* Supporting Files */ = {
			isa = PBXGroup;
			children = (
			);
			name = "Supporting Files";
			sourceTree = "<group>";
		};
		4488DF4C1BFF1E6400E18482 /* ACM_AssistantTests */ = {
			isa = PBXGroup;
			children = (
				4488DF4D1BFF1E6400E18482 /* ACM_AssistantTests.m */,
				4488DF4F1BFF1E6400E18482 /* Info.plist */,
			);
			path = ACM_AssistantTests;
			sourceTree = "<group>";
		};
		4488DF571BFF1E6400E18482 /* ACM_AssistantUITests */ = {
			isa = PBXGroup;
			children = (
				4488DF581BFF1E6400E18482 /* ACM_AssistantUITests.m */,
				4488DF5A1BFF1E6400E18482 /* Info.plist */,
			);
			path = ACM_AssistantUITests;
			sourceTree = "<group>";
		};
		4495BF751CA6C9040092E8A5 /* Controllers */ = {
			isa = PBXGroup;
			children = (
				4495BF7B1CA8BC4F0092E8A5 /* MainTabBarController.h */,
				4495BF7C1CA8BC4F0092E8A5 /* MainTabBarController.m */,
				4495BF831CA8C0B80092E8A5 /* MainNavigationController.h */,
				4495BF841CA8C0B80092E8A5 /* MainNavigationController.m */,
				4495BF891CA8C9EA0092E8A5 /* ContestTableViewController.h */,
				4495BF8A1CA8C9EA0092E8A5 /* ContestTableViewController.m */,
				4495BFA31CA96B900092E8A5 /* ContestDetailController.h */,
				4495BFA41CA96B900092E8A5 /* ContestDetailController.m */,
				4495BFA61CA96BAD0092E8A5 /* ContestDetailController.xib */,
			);
			name = Controllers;
			sourceTree = "<group>";
		};
		4495BF761CA6C93C0092E8A5 /* Views */ = {
			isa = PBXGroup;
			children = (
				4495BF921CA8DC8C0092E8A5 /* ContestCell.h */,
				4495BF931CA8DC8C0092E8A5 /* ContestCell.m */,
				4495BF941CA8DC8D0092E8A5 /* ContestCell.xib */,
			);
			name = Views;
			sourceTree = "<group>";
		};
		4495BF771CA6C95A0092E8A5 /* Models */ = {
			isa = PBXGroup;
			children = (
				4495BF8C1CA8CA1F0092E8A5 /* ContestModel.h */,
				4495BF8D1CA8CA1F0092E8A5 /* ContestModel.m */,
			);
			name = Models;
			sourceTree = "<group>";
		};
		4495BF7E1CA8BE1E0092E8A5 /* Extensions */ = {
			isa = PBXGroup;
			children = (
				4495BF801CA8BED70092E8A5 /* UIImage+FJY.h */,
				4495BF811CA8BED70092E8A5 /* UIImage+FJY.m */,
				4495BF861CA8C80B0092E8A5 /* UIColor+FJY.h */,
				4495BF871CA8C80B0092E8A5 /* UIColor+FJY.m */,
				4495BF8F1CA8DAF40092E8A5 /* UINavigationBar+FJY.h */,
				4495BF901CA8DAF40092E8A5 /* UINavigationBar+FJY.m */,
				4495BF971CA966E60092E8A5 /* NSObject+FJY.h */,
				4495BF981CA966E60092E8A5 /* NSObject+FJY.m */,
				4495BF9A1CA967120092E8A5 /* UIView+FJY.h */,
				4495BF9B1CA967120092E8A5 /* UIView+FJY.m */,
				4495BF9D1CA967610092E8A5 /* UIButton+FJY.h */,
				4495BF9E1CA967610092E8A5 /* UIButton+FJY.m */,
			);
			name = Extensions;
			sourceTree = "<group>";
		};
		528DA7A59B4CAF024D81FFB4 /* Pods */ = {
			isa = PBXGroup;
			children = (
				B4A0D050F1D1FFBF27E6B4D5 /* Pods.debug.xcconfig */,
				CA84896B22A4FF48630726AC /* Pods.release.xcconfig */,
			);
			name = Pods;
			sourceTree = "<group>";
		};
		F3DC9769B2C596C96854062C /* Frameworks */ = {
			isa = PBXGroup;
			children = (
				FA9373BF414A8C103AC6806B /* libPods.a */,
			);
			name = Frameworks;
			sourceTree = "<group>";
		};
/* End PBXGroup section */

/* Begin PBXNativeTarget section */
		4488DF2F1BFF1E6300E18482 /* ACM_Assistant */ = {
			isa = PBXNativeTarget;
			buildConfigurationList = 4488DF5D1BFF1E6400E18482 /* Build configuration list for PBXNativeTarget "ACM_Assistant" */;
			buildPhases = (
				802EE4F3AE94ED3CF7CA500E /* Check Pods Manifest.lock */,
				4488DF2C1BFF1E6300E18482 /* Sources */,
				4488DF2D1BFF1E6300E18482 /* Frameworks */,
				4488DF2E1BFF1E6300E18482 /* Resources */,
				27FDBE525CF2EE09A46AD9C2 /* Embed Pods Frameworks */,
				9123394DBC222F82F250E383 /* Copy Pods Resources */,
			);
			buildRules = (
			);
			dependencies = (
			);
			name = ACM_Assistant;
			productName = ACM_Assistant;
			productReference = 4488DF301BFF1E6300E18482 /* ACM_Assistant.app */;
			productType = "com.apple.product-type.application";
		};
		4488DF481BFF1E6400E18482 /* ACM_AssistantTests */ = {
			isa = PBXNativeTarget;
			buildConfigurationList = 4488DF601BFF1E6400E18482 /* Build configuration list for PBXNativeTarget "ACM_AssistantTests" */;
			buildPhases = (
				4488DF451BFF1E6400E18482 /* Sources */,
				4488DF461BFF1E6400E18482 /* Frameworks */,
				4488DF471BFF1E6400E18482 /* Resources */,
			);
			buildRules = (
			);
			dependencies = (
				4488DF4B1BFF1E6400E18482 /* PBXTargetDependency */,
			);
			name = ACM_AssistantTests;
			productName = ACM_AssistantTests;
			productReference = 4488DF491BFF1E6400E18482 /* ACM_AssistantTests.xctest */;
			productType = "com.apple.product-type.bundle.unit-test";
		};
		4488DF531BFF1E6400E18482 /* ACM_AssistantUITests */ = {
			isa = PBXNativeTarget;
			buildConfigurationList = 4488DF631BFF1E6400E18482 /* Build configuration list for PBXNativeTarget "ACM_AssistantUITests" */;
			buildPhases = (
				4488DF501BFF1E6400E18482 /* Sources */,
				4488DF511BFF1E6400E18482 /* Frameworks */,
				4488DF521BFF1E6400E18482 /* Resources */,
			);
			buildRules = (
			);
			dependencies = (
				4488DF561BFF1E6400E18482 /* PBXTargetDependency */,
			);
			name = ACM_AssistantUITests;
			productName = ACM_AssistantUITests;
			productReference = 4488DF541BFF1E6400E18482 /* ACM_AssistantUITests.xctest */;
			productType = "com.apple.product-type.bundle.ui-testing";
		};
/* End PBXNativeTarget section */

/* Begin PBXProject section */
		4488DF281BFF1E6300E18482 /* Project object */ = {
			isa = PBXProject;
			attributes = {
				LastUpgradeCheck = 0710;
				ORGANIZATIONNAME = "幻月瑶琴";
				TargetAttributes = {
					4488DF2F1BFF1E6300E18482 = {
						CreatedOnToolsVersion = 7.1;
					};
					4488DF481BFF1E6400E18482 = {
						CreatedOnToolsVersion = 7.1;
						TestTargetID = 4488DF2F1BFF1E6300E18482;
					};
					4488DF531BFF1E6400E18482 = {
						CreatedOnToolsVersion = 7.1;
						TestTargetID = 4488DF2F1BFF1E6300E18482;
					};
				};
			};
			buildConfigurationList = 4488DF2B1BFF1E6300E18482 /* Build configuration list for PBXProject "ACM_Assistant" */;
			compatibilityVersion = "Xcode 3.2";
			developmentRegion = English;
			hasScannedForEncodings = 0;
			knownRegions = (
				en,
				Base,
			);
			mainGroup = 4488DF271BFF1E6300E18482;
			productRefGroup = 4488DF311BFF1E6300E18482 /* Products */;
			projectDirPath = "";
			projectRoot = "";
			targets = (
				4488DF2F1BFF1E6300E18482 /* ACM_Assistant */,
				4488DF481BFF1E6400E18482 /* ACM_AssistantTests */,
				4488DF531BFF1E6400E18482 /* ACM_AssistantUITests */,
			);
		};
/* End PBXProject section */

/* Begin PBXResourcesBuildPhase section */
		4488DF2E1BFF1E6300E18482 /* Resources */ = {
			isa = PBXResourcesBuildPhase;
			buildActionMask = 2147483647;
			files = (
				4495BF961CA8DC8D0092E8A5 /* ContestCell.xib in Resources */,
				4488DF431BFF1E6400E18482 /* LaunchScreen.storyboard in Resources */,
				440E96771CAA98CA00EA87E8 /* Assets.xcassets in Resources */,
				4495BFA71CA96BAD0092E8A5 /* ContestDetailController.xib in Resources */,
			);
			runOnlyForDeploymentPostprocessing = 0;
		};
		4488DF471BFF1E6400E18482 /* Resources */ = {
			isa = PBXResourcesBuildPhase;
			buildActionMask = 2147483647;
			files = (
			);
			runOnlyForDeploymentPostprocessing = 0;
		};
		4488DF521BFF1E6400E18482 /* Resources */ = {
			isa = PBXResourcesBuildPhase;
			buildActionMask = 2147483647;
			files = (
			);
			runOnlyForDeploymentPostprocessing = 0;
		};
/* End PBXResourcesBuildPhase section */

/* Begin PBXShellScriptBuildPhase section */
		27FDBE525CF2EE09A46AD9C2 /* Embed Pods Frameworks */ = {
			isa = PBXShellScriptBuildPhase;
			buildActionMask = 2147483647;
			files = (
			);
			inputPaths = (
			);
			name = "Embed Pods Frameworks";
			outputPaths = (
			);
			runOnlyForDeploymentPostprocessing = 0;
			shellPath = /bin/sh;
			shellScript = "\"${SRCROOT}/Pods/Target Support Files/Pods/Pods-frameworks.sh\"\n";
			showEnvVarsInLog = 0;
		};
		802EE4F3AE94ED3CF7CA500E /* Check Pods Manifest.lock */ = {
			isa = PBXShellScriptBuildPhase;
			buildActionMask = 2147483647;
			files = (
			);
			inputPaths = (
			);
			name = "Check Pods Manifest.lock";
			outputPaths = (
			);
			runOnlyForDeploymentPostprocessing = 0;
			shellPath = /bin/sh;
			shellScript = "diff \"${PODS_ROOT}/../Podfile.lock\" \"${PODS_ROOT}/Manifest.lock\" > /dev/null\nif [[ $? != 0 ]] ; then\n    cat << EOM\nerror: The sandbox is not in sync with the Podfile.lock. Run 'pod install' or update your CocoaPods installation.\nEOM\n    exit 1\nfi\n";
			showEnvVarsInLog = 0;
		};
		9123394DBC222F82F250E383 /* Copy Pods Resources */ = {
			isa = PBXShellScriptBuildPhase;
			buildActionMask = 2147483647;
			files = (
			);
			inputPaths = (
			);
			name = "Copy Pods Resources";
			outputPaths = (
			);
			runOnlyForDeploymentPostprocessing = 0;
			shellPath = /bin/sh;
			shellScript = "\"${SRCROOT}/Pods/Target Support Files/Pods/Pods-resources.sh\"\n";
			showEnvVarsInLog = 0;
		};
/* End PBXShellScriptBuildPhase section */

/* Begin PBXSourcesBuildPhase section */
		4488DF2C1BFF1E6300E18482 /* Sources */ = {
			isa = PBXSourcesBuildPhase;
			buildActionMask = 2147483647;
			files = (
				4495BF911CA8DAF40092E8A5 /* UINavigationBar+FJY.m in Sources */,
				4495BF881CA8C80B0092E8A5 /* UIColor+FJY.m in Sources */,
				4495BF951CA8DC8D0092E8A5 /* ContestCell.m in Sources */,
				4495BF991CA966E60092E8A5 /* NSObject+FJY.m in Sources */,
				4495BF9C1CA967120092E8A5 /* UIView+FJY.m in Sources */,
				4495BF9F1CA967610092E8A5 /* UIButton+FJY.m in Sources */,
				4495BF851CA8C0B80092E8A5 /* MainNavigationController.m in Sources */,
				4495BF7D1CA8BC4F0092E8A5 /* MainTabBarController.m in Sources */,
				4488DF381BFF1E6400E18482 /* AppDelegate.m in Sources */,
				4495BF8B1CA8C9EA0092E8A5 /* ContestTableViewController.m in Sources */,
				4495BF821CA8BED70092E8A5 /* UIImage+FJY.m in Sources */,
				4495BFA51CA96B900092E8A5 /* ContestDetailController.m in Sources */,
				4495BF8E1CA8CA1F0092E8A5 /* ContestModel.m in Sources */,
				4488DF351BFF1E6400E18482 /* main.m in Sources */,
			);
			runOnlyForDeploymentPostprocessing = 0;
		};
		4488DF451BFF1E6400E18482 /* Sources */ = {
			isa = PBXSourcesBuildPhase;
			buildActionMask = 2147483647;
			files = (
				4488DF4E1BFF1E6400E18482 /* ACM_AssistantTests.m in Sources */,
			);
			runOnlyForDeploymentPostprocessing = 0;
		};
		4488DF501BFF1E6400E18482 /* Sources */ = {
			isa = PBXSourcesBuildPhase;
			buildActionMask = 2147483647;
			files = (
				4488DF591BFF1E6400E18482 /* ACM_AssistantUITests.m in Sources */,
			);
			runOnlyForDeploymentPostprocessing = 0;
		};
/* End PBXSourcesBuildPhase section */

/* Begin PBXTargetDependency section */
		4488DF4B1BFF1E6400E18482 /* PBXTargetDependency */ = {
			isa = PBXTargetDependency;
			target = 4488DF2F1BFF1E6300E18482 /* ACM_Assistant */;
			targetProxy = 4488DF4A1BFF1E6400E18482 /* PBXContainerItemProxy */;
		};
		4488DF561BFF1E6400E18482 /* PBXTargetDependency */ = {
			isa = PBXTargetDependency;
			target = 4488DF2F1BFF1E6300E18482 /* ACM_Assistant */;
			targetProxy = 4488DF551BFF1E6400E18482 /* PBXContainerItemProxy */;
		};
/* End PBXTargetDependency section */

/* Begin PBXVariantGroup section */
		4488DF411BFF1E6400E18482 /* LaunchScreen.storyboard */ = {
			isa = PBXVariantGroup;
			children = (
				4488DF421BFF1E6400E18482 /* Base */,
			);
			name = LaunchScreen.storyboard;
			sourceTree = "<group>";
		};
/* End PBXVariantGroup section */

/* Begin XCBuildConfiguration section */
		4488DF5B1BFF1E6400E18482 /* Debug */ = {
			isa = XCBuildConfiguration;
			buildSettings = {
				ALWAYS_SEARCH_USER_PATHS = NO;
				CLANG_CXX_LANGUAGE_STANDARD = "gnu++0x";
				CLANG_CXX_LIBRARY = "libc++";
				CLANG_ENABLE_MODULES = YES;
				CLANG_ENABLE_OBJC_ARC = YES;
				CLANG_WARN_BOOL_CONVERSION = YES;
				CLANG_WARN_CONSTANT_CONVERSION = YES;
				CLANG_WARN_DIRECT_OBJC_ISA_USAGE = YES_ERROR;
				CLANG_WARN_EMPTY_BODY = YES;
				CLANG_WARN_ENUM_CONVERSION = YES;
				CLANG_WARN_INT_CONVERSION = YES;
				CLANG_WARN_OBJC_ROOT_CLASS = YES_ERROR;
				CLANG_WARN_UNREACHABLE_CODE = YES;
				CLANG_WARN__DUPLICATE_METHOD_MATCH = YES;
				"CODE_SIGN_IDENTITY[sdk=iphoneos*]" = "iPhone Developer";
				COPY_PHASE_STRIP = NO;
				DEBUG_INFORMATION_FORMAT = dwarf;
				ENABLE_STRICT_OBJC_MSGSEND = YES;
				ENABLE_TESTABILITY = YES;
				GCC_C_LANGUAGE_STANDARD = gnu99;
				GCC_DYNAMIC_NO_PIC = NO;
				GCC_NO_COMMON_BLOCKS = YES;
				GCC_OPTIMIZATION_LEVEL = 0;
				GCC_PREPROCESSOR_DEFINITIONS = (
					"DEBUG=1",
					"$(inherited)",
				);
				GCC_WARN_64_TO_32_BIT_CONVERSION = YES;
				GCC_WARN_ABOUT_RETURN_TYPE = YES_ERROR;
				GCC_WARN_UNDECLARED_SELECTOR = YES;
				GCC_WARN_UNINITIALIZED_AUTOS = YES_AGGRESSIVE;
				GCC_WARN_UNUSED_FUNCTION = YES;
				GCC_WARN_UNUSED_VARIABLE = YES;
				IPHONEOS_DEPLOYMENT_TARGET = 9.2;
				MTL_ENABLE_DEBUG_INFO = YES;
				ONLY_ACTIVE_ARCH = YES;
				SDKROOT = iphoneos;
				TARGETED_DEVICE_FAMILY = "1,2";
			};
			name = Debug;
		};
		4488DF5C1BFF1E6400E18482 /* Release */ = {
			isa = XCBuildConfiguration;
			buildSettings = {
				ALWAYS_SEARCH_USER_PATHS = NO;
				CLANG_CXX_LANGUAGE_STANDARD = "gnu++0x";
				CLANG_CXX_LIBRARY = "libc++";
				CLANG_ENABLE_MODULES = YES;
				CLANG_ENABLE_OBJC_ARC = YES;
				CLANG_WARN_BOOL_CONVERSION = YES;
				CLANG_WARN_CONSTANT_CONVERSION = YES;
				CLANG_WARN_DIRECT_OBJC_ISA_USAGE = YES_ERROR;
				CLANG_WARN_EMPTY_BODY = YES;
				CLANG_WARN_ENUM_CONVERSION = YES;
				CLANG_WARN_INT_CONVERSION = YES;
				CLANG_WARN_OBJC_ROOT_CLASS = YES_ERROR;
				CLANG_WARN_UNREACHABLE_CODE = YES;
				CLANG_WARN__DUPLICATE_METHOD_MATCH = YES;
				"CODE_SIGN_IDENTITY[sdk=iphoneos*]" = "iPhone Developer";
				COPY_PHASE_STRIP = NO;
				DEBUG_INFORMATION_FORMAT = "dwarf-with-dsym";
				ENABLE_NS_ASSERTIONS = NO;
				ENABLE_STRICT_OBJC_MSGSEND = YES;
				GCC_C_LANGUAGE_STANDARD = gnu99;
				GCC_NO_COMMON_BLOCKS = YES;
				GCC_WARN_64_TO_32_BIT_CONVERSION = YES;
				GCC_WARN_ABOUT_RETURN_TYPE = YES_ERROR;
				GCC_WARN_UNDECLARED_SELECTOR = YES;
				GCC_WARN_UNINITIALIZED_AUTOS = YES_AGGRESSIVE;
				GCC_WARN_UNUSED_FUNCTION = YES;
				GCC_WARN_UNUSED_VARIABLE = YES;
				IPHONEOS_DEPLOYMENT_TARGET = 9.2;
				MTL_ENABLE_DEBUG_INFO = NO;
				SDKROOT = iphoneos;
				TARGETED_DEVICE_FAMILY = "1,2";
				VALIDATE_PRODUCT = YES;
			};
			name = Release;
		};
		4488DF5E1BFF1E6400E18482 /* Debug */ = {
			isa = XCBuildConfiguration;
			baseConfigurationReference = B4A0D050F1D1FFBF27E6B4D5 /* Pods.debug.xcconfig */;
			buildSettings = {
				ASSETCATALOG_COMPILER_APPICON_NAME = AppIcon;
				ENABLE_BITCODE = NO;
				GCC_PREFIX_HEADER = "$(SRCROOT)/ACM_Assistant/PrefixHeader.pch";
				INFOPLIST_FILE = ACM_Assistant/Info.plist;
				IPHONEOS_DEPLOYMENT_TARGET = 8.1;
				LD_RUNPATH_SEARCH_PATHS = "$(inherited) @executable_path/Frameworks";
				PRODUCT_BUNDLE_IDENTIFIER = "com.huanyueyaoqin.ACM-Assistant";
				PRODUCT_NAME = "$(TARGET_NAME)";
			};
			name = Debug;
		};
		4488DF5F1BFF1E6400E18482 /* Release */ = {
			isa = XCBuildConfiguration;
			baseConfigurationReference = CA84896B22A4FF48630726AC /* Pods.release.xcconfig */;
			buildSettings = {
				ASSETCATALOG_COMPILER_APPICON_NAME = AppIcon;
				ENABLE_BITCODE = NO;
				GCC_PREFIX_HEADER = "$(SRCROOT)/ACM_Assistant/PrefixHeader.pch";
				INFOPLIST_FILE = ACM_Assistant/Info.plist;
				IPHONEOS_DEPLOYMENT_TARGET = 8.1;
				LD_RUNPATH_SEARCH_PATHS = "$(inherited) @executable_path/Frameworks";
				PRODUCT_BUNDLE_IDENTIFIER = "com.huanyueyaoqin.ACM-Assistant";
				PRODUCT_NAME = "$(TARGET_NAME)";
			};
			name = Release;
		};
		4488DF611BFF1E6400E18482 /* Debug */ = {
			isa = XCBuildConfiguration;
			buildSettings = {
				BUNDLE_LOADER = "$(TEST_HOST)";
				INFOPLIST_FILE = ACM_AssistantTests/Info.plist;
				LD_RUNPATH_SEARCH_PATHS = "$(inherited) @executable_path/Frameworks @loader_path/Frameworks";
				PRODUCT_BUNDLE_IDENTIFIER = "com.huanyueyaoqin.ACM-AssistantTests";
				PRODUCT_NAME = "$(TARGET_NAME)";
			};
			name = Debug;
		};
		4488DF621BFF1E6400E18482 /* Release */ = {
			isa = XCBuildConfiguration;
			buildSettings = {
				BUNDLE_LOADER = "$(TEST_HOST)";
				INFOPLIST_FILE = ACM_AssistantTests/Info.plist;
				LD_RUNPATH_SEARCH_PATHS = "$(inherited) @executable_path/Frameworks @loader_path/Frameworks";
				PRODUCT_BUNDLE_IDENTIFIER = "com.huanyueyaoqin.ACM-AssistantTests";
				PRODUCT_NAME = "$(TARGET_NAME)";
			};
			name = Release;
		};
		4488DF641BFF1E6400E18482 /* Debug */ = {
			isa = XCBuildConfiguration;
			buildSettings = {
				INFOPLIST_FILE = ACM_AssistantUITests/Info.plist;
				LD_RUNPATH_SEARCH_PATHS = "$(inherited) @executable_path/Frameworks @loader_path/Frameworks";
				PRODUCT_BUNDLE_IDENTIFIER = "com.huanyueyaoqin.ACM-AssistantUITests";
				PRODUCT_NAME = "$(TARGET_NAME)";
				TEST_TARGET_NAME = ACM_Assistant;
				USES_XCTRUNNER = YES;
			};
			name = Debug;
		};
		4488DF651BFF1E6400E18482 /* Release */ = {
			isa = XCBuildConfiguration;
			buildSettings = {
				INFOPLIST_FILE = ACM_AssistantUITests/Info.plist;
				LD_RUNPATH_SEARCH_PATHS = "$(inherited) @executable_path/Frameworks @loader_path/Frameworks";
				PRODUCT_BUNDLE_IDENTIFIER = "com.huanyueyaoqin.ACM-AssistantUITests";
				PRODUCT_NAME = "$(TARGET_NAME)";
				TEST_TARGET_NAME = ACM_Assistant;
				USES_XCTRUNNER = YES;
			};
			name = Release;
		};
/* End XCBuildConfiguration section */

/* Begin XCConfigurationList section */
		4488DF2B1BFF1E6300E18482 /* Build configuration list for PBXProject "ACM_Assistant" */ = {
			isa = XCConfigurationList;
			buildConfigurations = (
				4488DF5B1BFF1E6400E18482 /* Debug */,
				4488DF5C1BFF1E6400E18482 /* Release */,
			);
			defaultConfigurationIsVisible = 0;
			defaultConfigurationName = Release;
		};
		4488DF5D1BFF1E6400E18482 /* Build configuration list for PBXNativeTarget "ACM_Assistant" */ = {
			isa = XCConfigurationList;
			buildConfigurations = (
				4488DF5E1BFF1E6400E18482 /* Debug */,
				4488DF5F1BFF1E6400E18482 /* Release */,
			);
			defaultConfigurationIsVisible = 0;
			defaultConfigurationName = Release;
		};
		4488DF601BFF1E6400E18482 /* Build configuration list for PBXNativeTarget "ACM_AssistantTests" */ = {
			isa = XCConfigurationList;
			buildConfigurations = (
				4488DF611BFF1E6400E18482 /* Debug */,
				4488DF621BFF1E6400E18482 /* Release */,
			);
			defaultConfigurationIsVisible = 0;
			defaultConfigurationName = Release;
		};
		4488DF631BFF1E6400E18482 /* Build configuration list for PBXNativeTarget "ACM_AssistantUITests" */ = {
			isa = XCConfigurationList;
			buildConfigurations = (
				4488DF641BFF1E6400E18482 /* Debug */,
				4488DF651BFF1E6400E18482 /* Release */,
			);
			defaultConfigurationIsVisible = 0;
			defaultConfigurationName = Release;
		};
/* End XCConfigurationList section */
	};
	rootObject = 4488DF281BFF1E6300E18482 /* Project object */;
}
